
Microsoft Visual Studio Solution File, Format Version 12.00
# Visual Studio 15
Project("{FAE04EC0-301F-11D3-BF4B-00C04F79EFBC}") = "UnityEngine.TestRunner", "UnityEngine.TestRunner.csproj", "{87936159-8A05-526F-820E-45BAB67E79E1}"
EndProject
Project("{FAE04EC0-301F-11D3-BF4B-00C04F79EFBC}") = "UnityEngine.UI", "UnityEngine.UI.csproj", "{4281408A-AD21-D8AB-E599-B5391AAB96F5}"
EndProject
Project("{FAE04EC0-301F-11D3-BF4B-00C04F79EFBC}") = "Unity.Timeline", "Unity.Timeline.csproj", "{8296607D-9B7F-4691-008F-31957BF1EE09}"
EndProject
Project("{FAE04EC0-301F-11D3-BF4B-00C04F79EFBC}") = "Unity.TextMeshPro", "Unity.TextMeshPro.csproj", "{E9F767EE-C2E2-2801-DDF9-AE742B85ADA1}"
EndProject
Project("{FAE04EC0-301F-11D3-BF4B-00C04F79EFBC}") = "Assembly-CSharp", "Assembly-CSharp.csproj", "{591DF274-B9C6-B236-F2E6-76BCF8DBD4AC}"
EndProject
Project("{FAE04EC0-301F-11D3-BF4B-00C04F79EFBC}") = "Unity.Timeline.Editor", "Unity.Timeline.Editor.csproj", "{B5BB3D68-654D-48E8-5954-8B86276E0771}"
EndProject
Project("{FAE04EC0-301F-11D3-BF4B-00C04F79EFBC}") = "UnityEditor.TestRunner", "UnityEditor.TestRunner.csproj", "{50A1512E-3F65-80BA-ED5C-001A2BCDC28F}"
EndProject
Project("{FAE04EC0-301F-11D3-BF4B-00C04F79EFBC}") = "UnityEditor.UI", "UnityEditor.UI.csproj", "{E0E6397D-574B-F8F8-DBDB-7D6B17A86EB8}"
EndProject
Project("{FAE04EC0-301F-11D3-BF4B-00C04F79EFBC}") = "Unity.VisualStudio.Editor", "Unity.VisualStudio.Editor.csproj", "{21E4B591-3D54-E29D-9D89-A5E667C73150}"
EndProject
Project("{FAE04EC0-301F-11D3-BF4B-00C04F79EFBC}") = "Unity.TextMeshPro.Editor", "Unity.TextMeshPro.Editor.csproj", "{51020AA7-D478-6A0F-1206-681E76097A2A}"
EndProject
Project("{FAE04EC0-301F-11D3-BF4B-00C04F79EFBC}") = "Unity.CollabProxy.Editor", "Unity.CollabProxy.Editor.csproj", "{235E1130-7B79-D44F-5736-86FB12724447}"
EndProject
Project("{FAE04EC0-301F-11D3-BF4B-00C04F79EFBC}") = "Unity.VSCode.Editor", "Unity.VSCode.Editor.csproj", "{74F40B70-7E5B-7025-4FF1-BADCB0077127}"
EndProject
Project("{FAE04EC0-301F-11D3-BF4B-00C04F79EFBC}") = "Unity.Rider.Editor", "Unity.Rider.Editor.csproj", "{05AF7B84-9473-1134-14A9-0119A4F6D8B0}"
EndProject
Project("{FAE04EC0-301F-11D3-BF4B-00C04F79EFBC}") = "Unity.SysrootPackage.Editor", "Unity.SysrootPackage.Editor.csproj", "{565FDF92-511F-E528-1B2B-161A7349829E}"
EndProject
Project("{FAE04EC0-301F-11D3-BF4B-00C04F79EFBC}") = "Unity.Toolchain.Win-x86_64-Linux-x86_64", "Unity.Toolchain.Win-x86_64-Linux-x86_64.csproj", "{C50680A8-6229-7B94-D549-41D511299E31}"
EndProject
Project("{FAE04EC0-301F-11D3-BF4B-00C04F79EFBC}") = "Unity.Sysroot.Linux_x86_64", "Unity.Sysroot.Linux_x86_64.csproj", "{E021727E-248A-394C-FF5D-C32518AA0D4C}"
EndProject
Project("{FAE04EC0-301F-11D3-BF4B-00C04F79EFBC}") = "UnityEngine.TestRunner", "UnityEngine.TestRunner.Player.csproj", "{249B9789-77A4-BFDB-661C-8AB119B1900A}"
EndProject
Project("{FAE04EC0-301F-11D3-BF4B-00C04F79EFBC}") = "UnityEngine.UI", "UnityEngine.UI.Player.csproj", "{FE5130D5-C941-B398-2A40-12F2A00B2E69}"
EndProject
Project("{FAE04EC0-301F-11D3-BF4B-00C04F79EFBC}") = "Unity.Timeline", "Unity.Timeline.Player.csproj", "{C5078F66-D0C5-C684-C6D0-1B2AA272D180}"
EndProject
Project("{FAE04EC0-301F-11D3-BF4B-00C04F79EFBC}") = "Unity.TextMeshPro", "Unity.TextMeshPro.Player.csproj", "{38BC1640-38F1-DFB8-0D5E-1AE2EF58D0C9}"
EndProject
Project("{FAE04EC0-301F-11D3-BF4B-00C04F79EFBC}") = "Assembly-CSharp", "Assembly-CSharp.Player.csproj", "{08E6F9A3-A43A-F883-42E7-11D93F8C9A69}"
EndProject
Global
	GlobalSection(SolutionConfigurationPlatforms) = preSolution
		Debug|Any CPU = Debug|Any CPU
		Release|Any CPU = Release|Any CPU
	EndGlobalSection
	GlobalSection(ProjectConfigurationPlatforms) = postSolution
		{87936159-8A05-526F-820E-45BAB67E79E1}.Debug|Any CPU.ActiveCfg = Debug|Any CPU
		{87936159-8A05-526F-820E-45BAB67E79E1}.Debug|Any CPU.Build.0 = Debug|Any CPU
		{87936159-8A05-526F-820E-45BAB67E79E1}.Release|Any CPU.ActiveCfg = Release|Any CPU
		{87936159-8A05-526F-820E-45BAB67E79E1}.Release|Any CPU.Build.0 = Release|Any CPU
		{4281408A-AD21-D8AB-E599-B5391AAB96F5}.Debug|Any CPU.ActiveCfg = Debug|Any CPU
		{4281408A-AD21-D8AB-E599-B5391AAB96F5}.Debug|Any CPU.Build.0 = Debug|Any CPU
		{4281408A-AD21-D8AB-E599-B5391AAB96F5}.Release|Any CPU.ActiveCfg = Release|Any CPU
		{4281408A-AD21-D8AB-E599-B5391AAB96F5}.Release|Any CPU.Build.0 = Release|Any CPU
		{8296607D-9B7F-4691-008F-31957BF1EE09}.Debug|Any CPU.ActiveCfg = Debug|Any CPU
		{8296607D-9B7F-4691-008F-31957BF1EE09}.Debug|Any CPU.Build.0 = Debug|Any CPU
		{8296607D-9B7F-4691-008F-31957BF1EE09}.Release|Any CPU.ActiveCfg = Release|Any CPU
		{8296607D-9B7F-4691-008F-31957BF1EE09}.Release|Any CPU.Build.0 = Release|Any CPU
		{E9F767EE-C2E2-2801-DDF9-AE742B85ADA1}.Debug|Any CPU.ActiveCfg = Debug|Any CPU
		{E9F767EE-C2E2-2801-DDF9-AE742B85ADA1}.Debug|Any CPU.Build.0 = Debug|Any CPU
		{E9F767EE-C2E2-2801-DDF9-AE742B85ADA1}.Release|Any CPU.ActiveCfg = Release|Any CPU
		{E9F767EE-C2E2-2801-DDF9-AE742B85ADA1}.Release|Any CPU.Build.0 = Release|Any CPU
		{591DF274-B9C6-B236-F2E6-76BCF8DBD4AC}.Debug|Any CPU.ActiveCfg = Debug|Any CPU
		{591DF274-B9C6-B236-F2E6-76BCF8DBD4AC}.Debug|Any CPU.Build.0 = Debug|Any CPU
		{591DF274-B9C6-B236-F2E6-76BCF8DBD4AC}.Release|Any CPU.ActiveCfg = Release|Any CPU
		{591DF274-B9C6-B236-F2E6-76BCF8DBD4AC}.Release|Any CPU.Build.0 = Release|Any CPU
		{B5BB3D68-654D-48E8-5954-8B86276E0771}.Debug|Any CPU.ActiveCfg = Debug|Any CPU
		{B5BB3D68-654D-48E8-5954-8B86276E0771}.Debug|Any CPU.Build.0 = Debug|Any CPU
		{B5BB3D68-654D-48E8-5954-8B86276E0771}.Release|Any CPU.ActiveCfg = Release|Any CPU
		{B5BB3D68-654D-48E8-5954-8B86276E0771}.Release|Any CPU.Build.0 = Release|Any CPU
		{50A1512E-3F65-80BA-ED5C-001A2BCDC28F}.Debug|Any CPU.ActiveCfg = Debug|Any CPU
		{50A1512E-3F65-80BA-ED5C-001A2BCDC28F}.Debug|Any CPU.Build.0 = Debug|Any CPU
		{50A1512E-3F65-80BA-ED5C-001A2BCDC28F}.Release|Any CPU.ActiveCfg = Release|Any CPU
		{50A1512E-3F65-80BA-ED5C-001A2BCDC28F}.Release|Any CPU.Build.0 = Release|Any CPU
		{E0E6397D-574B-F8F8-DBDB-7D6B17A86EB8}.Debug|Any CPU.ActiveCfg = Debug|Any CPU
		{E0E6397D-574B-F8F8-DBDB-7D6B17A86EB8}.Debug|Any CPU.Build.0 = Debug|Any CPU
		{E0E6397D-574B-F8F8-DBDB-7D6B17A86EB8}.Release|Any CPU.ActiveCfg = Release|Any CPU
		{E0E6397D-574B-F8F8-DBDB-7D6B17A86EB8}.Release|Any CPU.Build.0 = Release|Any CPU
		{21E4B591-3D54-E29D-9D89-A5E667C73150}.Debug|Any CPU.ActiveCfg = Debug|Any CPU
		{21E4B591-3D54-E29D-9D89-A5E667C73150}.Debug|Any CPU.Build.0 = Debug|Any CPU
		{21E4B591-3D54-E29D-9D89-A5E667C73150}.Release|Any CPU.ActiveCfg = Release|Any CPU
		{21E4B591-3D54-E29D-9D89-A5E667C73150}.Release|Any CPU.Build.0 = Release|Any CPU
		{51020AA7-D478-6A0F-1206-681E76097A2A}.Debug|Any CPU.ActiveCfg = Debug|Any CPU
		{51020AA7-D478-6A0F-1206-681E76097A2A}.Debug|Any CPU.Build.0 = Debug|Any CPU
		{51020AA7-D478-6A0F-1206-681E76097A2A}.Release|Any CPU.ActiveCfg = Release|Any CPU
		{51020AA7-D478-6A0F-1206-681E76097A2A}.Release|Any CPU.Build.0 = Release|Any CPU
		{235E1130-7B79-D44F-5736-86FB12724447}.Debug|Any CPU.ActiveCfg = Debug|Any CPU
		{235E1130-7B79-D44F-5736-86FB12724447}.Debug|Any CPU.Build.0 = Debug|Any CPU
		{235E1130-7B79-D44F-5736-86FB12724447}.Release|Any CPU.ActiveCfg = Release|Any CPU
		{235E1130-7B79-D44F-5736-86FB12724447}.Release|Any CPU.Build.0 = Release|Any CPU
		{74F40B70-7E5B-7025-4FF1-BADCB0077127}.Debug|Any CPU.ActiveCfg = Debug|Any CPU
		{74F40B70-7E5B-7025-4FF1-BADCB0077127}.Debug|Any CPU.Build.0 = Debug|Any CPU
		{74F40B70-7E5B-7025-4FF1-BADCB0077127}.Release|Any CPU.ActiveCfg = Release|Any CPU
		{74F40B70-7E5B-7025-4FF1-BADCB0077127}.Release|Any CPU.Build.0 = Release|Any CPU
		{05AF7B84-9473-1134-14A9-0119A4F6D8B0}.Debug|Any CPU.ActiveCfg = Debug|Any CPU
		{05AF7B84-9473-1134-14A9-0119A4F6D8B0}.Debug|Any CPU.Build.0 = Debug|Any CPU
		{05AF7B84-9473-1134-14A9-0119A4F6D8B0}.Release|Any CPU.ActiveCfg = Release|Any CPU
		{05AF7B84-9473-1134-14A9-0119A4F6D8B0}.Release|Any CPU.Build.0 = Release|Any CPU
		{565FDF92-511F-E528-1B2B-161A7349829E}.Debug|Any CPU.ActiveCfg = Debug|Any CPU
		{565FDF92-511F-E528-1B2B-161A7349829E}.Debug|Any CPU.Build.0 = Debug|Any CPU
		{565FDF92-511F-E528-1B2B-161A7349829E}.Release|Any CPU.ActiveCfg = Release|Any CPU
		{565FDF92-511F-E528-1B2B-161A7349829E}.Release|Any CPU.Build.0 = Release|Any CPU
		{C50680A8-6229-7B94-D549-41D511299E31}.Debug|Any CPU.ActiveCfg = Debug|Any CPU
		{C50680A8-6229-7B94-D549-41D511299E31}.Debug|Any CPU.Build.0 = Debug|Any CPU
		{C50680A8-6229-7B94-D549-41D511299E31}.Release|Any CPU.ActiveCfg = Release|Any CPU
		{C50680A8-6229-7B94-D549-41D511299E31}.Release|Any CPU.Build.0 = Release|Any CPU
		{E021727E-248A-394C-FF5D-C32518AA0D4C}.Debug|Any CPU.ActiveCfg = Debug|Any CPU
		{E021727E-248A-394C-FF5D-C32518AA0D4C}.Debug|Any CPU.Build.0 = Debug|Any CPU
		{E021727E-248A-394C-FF5D-C32518AA0D4C}.Release|Any CPU.ActiveCfg = Release|Any CPU
		{E021727E-248A-394C-FF5D-C32518AA0D4C}.Release|Any CPU.Build.0 = Release|Any CPU
		{249B9789-77A4-BFDB-661C-8AB119B1900A}.Debug|Any CPU.ActiveCfg = Debug|Any CPU
		{249B9789-77A4-BFDB-661C-8AB119B1900A}.Debug|Any CPU.Build.0 = Debug|Any CPU
		{249B9789-77A4-BFDB-661C-8AB119B1900A}.Release|Any CPU.ActiveCfg = Release|Any CPU
		{249B9789-77A4-BFDB-661C-8AB119B1900A}.Release|Any CPU.Build.0 = Release|Any CPU
		{FE5130D5-C941-B398-2A40-12F2A00B2E69}.Debug|Any CPU.ActiveCfg = Debug|Any CPU
		{FE5130D5-C941-B398-2A40-12F2A00B2E69}.Debug|Any CPU.Build.0 = Debug|Any CPU
		{FE5130D5-C941-B398-2A40-12F2A00B2E69}.Release|Any CPU.ActiveCfg = Release|Any CPU
		{FE5130D5-C941-B398-2A40-12F2A00B2E69}.Release|Any CPU.Build.0 = Release|Any CPU
		{C5078F66-D0C5-C684-C6D0-1B2AA272D180}.Debug|Any CPU.ActiveCfg = Debug|Any CPU
		{C5078F66-D0C5-C684-C6D0-1B2AA272D180}.Debug|Any CPU.Build.0 = Debug|Any CPU
		{C5078F66-D0C5-C684-C6D0-1B2AA272D180}.Release|Any CPU.ActiveCfg = Release|Any CPU
		{C5078F66-D0C5-C684-C6D0-1B2AA272D180}.Release|Any CPU.Build.0 = Release|Any CPU
		{38BC1640-38F1-DFB8-0D5E-1AE2EF58D0C9}.Debug|Any CPU.ActiveCfg = Debug|Any CPU
		{38BC1640-38F1-DFB8-0D5E-1AE2EF58D0C9}.Debug|Any CPU.Build.0 = Debug|Any CPU
		{38BC1640-38F1-DFB8-0D5E-1AE2EF58D0C9}.Release|Any CPU.ActiveCfg = Release|Any CPU
		{38BC1640-38F1-DFB8-0D5E-1AE2EF58D0C9}.Release|Any CPU.Build.0 = Release|Any CPU
		{08E6F9A3-A43A-F883-42E7-11D93F8C9A69}.Debug|Any CPU.ActiveCfg = Debug|Any CPU
		{08E6F9A3-A43A-F883-42E7-11D93F8C9A69}.Debug|Any CPU.Build.0 = Debug|Any CPU
		{08E6F9A3-A43A-F883-42E7-11D93F8C9A69}.Release|Any CPU.ActiveCfg = Release|Any CPU
		{08E6F9A3-A43A-F883-42E7-11D93F8C9A69}.Release|Any CPU.Build.0 = Release|Any CPU
	EndGlobalSection
	GlobalSection(SolutionProperties) = preSolution
		HideSolutionNode = FALSE
	EndGlobalSection
EndGlobal
